
Microsoft Visual Studio Solution File, Format Version 12.00
# Visual Studio Version 16
VisualStudioVersion = 16.0.29209.62
MinimumVisualStudioVersion = 10.0.40219.1
Project("{8BC9CEB8-8B4A-11D0-8D11-00A0C91BC942}") = "Parameter-By-Reference__C", "Parameter-By-Reference__C.vcxproj", "{ABEE5981-6070-4D1D-8BE4-90D48A4752CF}"
EndProject
Global
	GlobalSection(SolutionConfigurationPlatforms) = preSolution
		Debug|x64 = Debug|x64
		Debug|x86 = Debug|x86
		Release|x64 = Release|x64
		Release|x86 = Release|x86
	EndGlobalSection
	GlobalSection(ProjectConfigurationPlatforms) = postSolution
		{ABEE5981-6070-4D1D-8BE4-90D48A4752CF}.Debug|x64.ActiveCfg = Debug|x64
		{ABEE5981-6070-4D1D-8BE4-90D48A4752CF}.Debug|x64.Build.0 = Debug|x64
		{ABEE5981-6070-4D1D-8BE4-90D48A4752CF}.Debug|x86.ActiveCfg = Debug|Win32
		{ABEE5981-6070-4D1D-8BE4-90D48A4752CF}.Debug|x86.Build.0 = Debug|Win32
		{ABEE5981-6070-4D1D-8BE4-90D48A4752CF}.Release|x64.ActiveCfg = Release|x64
		{ABEE5981-6070-4D1D-8BE4-90D48A4752CF}.Release|x64.Build.0 = Release|x64
		{ABEE5981-6070-4D1D-8BE4-90D48A4752CF}.Release|x86.ActiveCfg = Release|Win32
		{ABEE5981-6070-4D1D-8BE4-90D48A4752CF}.Release|x86.Build.0 = Release|Win32
	EndGlobalSection
	GlobalSection(SolutionProperties) = preSolution
		HideSolutionNode = FALSE
	EndGlobalSection
	GlobalSection(ExtensibilityGlobals) = postSolution
		SolutionGuid = {39CCEE36-5893-437F-BA98-1ED01B462B5D}
	EndGlobalSection
EndGlobal
